
Microsoft Visual Studio Solution File, Format Version 12.00
# Visual Studio Version 17
VisualStudioVersion = 17.0.31903.59
MinimumVisualStudioVersion = 10.0.40219.1
Project("{2150E333-8FDC-42A3-9474-1A3956D46DE8}") = "src", "src", "{827E0CD3-B72D-47B6-A68D-7590B98EB39B}"
EndProject
Project("{FAE04EC0-301F-11D3-BF4B-00C04F79EFBC}") = "TeamSamsara.Api", "src\TeamSamsara.Api\TeamSamsara.Api.csproj", "{17F63751-2F63-4904-943D-9511ECDE29D2}"
EndProject
Project("{FAE04EC0-301F-11D3-BF4B-00C04F79EFBC}") = "TeamSamsara.Modules.Identity", "src\TeamSamsara.Modules.Identity\TeamSamsara.Modules.Identity.csproj", "{F656EE4E-166D-4421-AEEF-C4CAFA0BA7D0}"
EndProject
Project("{FAE04EC0-301F-11D3-BF4B-00C04F79EFBC}") = "TeamSamsara.Modules.Content", "src\TeamSamsara.Modules.Content\TeamSamsara.Modules.Content.csproj", "{8452CC4D-F316-4E93-A420-7399D55EDE55}"
EndProject
Project("{FAE04EC0-301F-11D3-BF4B-00C04F79EFBC}") = "TeamSamsara.Modules.Media", "src\TeamSamsara.Modules.Media\TeamSamsara.Modules.Media.csproj", "{64571758-4CE1-4978-9153-F4A4F2B9FD9A}"
EndProject
Project("{FAE04EC0-301F-11D3-BF4B-00C04F79EFBC}") = "TeamSamsara.Modules.Catalog", "src\TeamSamsara.Modules.Catalog\TeamSamsara.Modules.Catalog.csproj", "{7B3F739D-95B9-4BD2-BB4B-5C86A8CE2B81}"
EndProject
Project("{FAE04EC0-301F-11D3-BF4B-00C04F79EFBC}") = "TeamSamsara.Modules.Orders", "src\TeamSamsara.Modules.Orders\TeamSamsara.Modules.Orders.csproj", "{29037C18-9E6C-40B9-BFE9-A2FDC3C83CC0}"
EndProject
Project("{FAE04EC0-301F-11D3-BF4B-00C04F79EFBC}") = "TeamSamsara.Shared", "src\TeamSamsara.Shared\TeamSamsara.Shared.csproj", "{E66A3545-D20B-44F2-9E9D-029FE84965FD}"
EndProject
Project("{FAE04EC0-301F-11D3-BF4B-00C04F79EFBC}") = "TeamSamsara.Modules.PingPong", "src\TeamSamsara.Modules.PingPong\TeamSamsara.Modules.PingPong.csproj", "{2F7A091B-0D3B-4022-9130-44E5D359336C}"
EndProject
Project("{FAE04EC0-301F-11D3-BF4B-00C04F79EFBC}") = "TeamSamsara.Shared.Testing", "src\TeamSamsara.Shared.Testing\TeamSamsara.Shared.Testing.csproj", "{1514F480-DE99-423F-A6B9-9F1690EE8077}"
EndProject
Project("{FAE04EC0-301F-11D3-BF4B-00C04F79EFBC}") = "TeamSamsara.Modules.PingPong.Tests", "src\TeamSamsara.Modules.PingPong.Tests\TeamSamsara.Modules.PingPong.Tests.csproj", "{231B966A-2DC1-4642-A1EF-DE9C8FAFBF25}"
EndProject
Project("{FAE04EC0-301F-11D3-BF4B-00C04F79EFBC}") = "TeamSamsara.ArchitectureTests", "src\TeamSamsara.ArchitectureTests\TeamSamsara.ArchitectureTests.csproj", "{FC529655-9F8F-42CB-A66E-2B2F4A20B4A4}"
EndProject
Global
	GlobalSection(SolutionConfigurationPlatforms) = preSolution
		Debug|Any CPU = Debug|Any CPU
		Debug|x64 = Debug|x64
		Debug|x86 = Debug|x86
		Release|Any CPU = Release|Any CPU
		Release|x64 = Release|x64
		Release|x86 = Release|x86
	EndGlobalSection
	GlobalSection(ProjectConfigurationPlatforms) = postSolution
		{17F63751-2F63-4904-943D-9511ECDE29D2}.Debug|Any CPU.ActiveCfg = Debug|Any CPU
		{17F63751-2F63-4904-943D-9511ECDE29D2}.Debug|Any CPU.Build.0 = Debug|Any CPU
		{17F63751-2F63-4904-943D-9511ECDE29D2}.Debug|x64.ActiveCfg = Debug|Any CPU
		{17F63751-2F63-4904-943D-9511ECDE29D2}.Debug|x64.Build.0 = Debug|Any CPU
		{17F63751-2F63-4904-943D-9511ECDE29D2}.Debug|x86.ActiveCfg = Debug|Any CPU
		{17F63751-2F63-4904-943D-9511ECDE29D2}.Debug|x86.Build.0 = Debug|Any CPU
		{17F63751-2F63-4904-943D-9511ECDE29D2}.Release|Any CPU.ActiveCfg = Release|Any CPU
		{17F63751-2F63-4904-943D-9511ECDE29D2}.Release|Any CPU.Build.0 = Release|Any CPU
		{17F63751-2F63-4904-943D-9511ECDE29D2}.Release|x64.ActiveCfg = Release|Any CPU
		{17F63751-2F63-4904-943D-9511ECDE29D2}.Release|x64.Build.0 = Release|Any CPU
		{17F63751-2F63-4904-943D-9511ECDE29D2}.Release|x86.ActiveCfg = Release|Any CPU
		{17F63751-2F63-4904-943D-9511ECDE29D2}.Release|x86.Build.0 = Release|Any CPU
		{F656EE4E-166D-4421-AEEF-C4CAFA0BA7D0}.Debug|Any CPU.ActiveCfg = Debug|Any CPU
		{F656EE4E-166D-4421-AEEF-C4CAFA0BA7D0}.Debug|Any CPU.Build.0 = Debug|Any CPU
		{F656EE4E-166D-4421-AEEF-C4CAFA0BA7D0}.Debug|x64.ActiveCfg = Debug|Any CPU
		{F656EE4E-166D-4421-AEEF-C4CAFA0BA7D0}.Debug|x64.Build.0 = Debug|Any CPU
		{F656EE4E-166D-4421-AEEF-C4CAFA0BA7D0}.Debug|x86.ActiveCfg = Debug|Any CPU
		{F656EE4E-166D-4421-AEEF-C4CAFA0BA7D0}.Debug|x86.Build.0 = Debug|Any CPU
		{F656EE4E-166D-4421-AEEF-C4CAFA0BA7D0}.Release|Any CPU.ActiveCfg = Release|Any CPU
		{F656EE4E-166D-4421-AEEF-C4CAFA0BA7D0}.Release|Any CPU.Build.0 = Release|Any CPU
		{F656EE4E-166D-4421-AEEF-C4CAFA0BA7D0}.Release|x64.ActiveCfg = Release|Any CPU
		{F656EE4E-166D-4421-AEEF-C4CAFA0BA7D0}.Release|x64.Build.0 = Release|Any CPU
		{F656EE4E-166D-4421-AEEF-C4CAFA0BA7D0}.Release|x86.ActiveCfg = Release|Any CPU
		{F656EE4E-166D-4421-AEEF-C4CAFA0BA7D0}.Release|x86.Build.0 = Release|Any CPU
		{8452CC4D-F316-4E93-A420-7399D55EDE55}.Debug|Any CPU.ActiveCfg = Debug|Any CPU
		{8452CC4D-F316-4E93-A420-7399D55EDE55}.Debug|Any CPU.Build.0 = Debug|Any CPU
		{8452CC4D-F316-4E93-A420-7399D55EDE55}.Debug|x64.ActiveCfg = Debug|Any CPU
		{8452CC4D-F316-4E93-A420-7399D55EDE55}.Debug|x64.Build.0 = Debug|Any CPU
		{8452CC4D-F316-4E93-A420-7399D55EDE55}.Debug|x86.ActiveCfg = Debug|Any CPU
		{8452CC4D-F316-4E93-A420-7399D55EDE55}.Debug|x86.Build.0 = Debug|Any CPU
		{8452CC4D-F316-4E93-A420-7399D55EDE55}.Release|Any CPU.ActiveCfg = Release|Any CPU
		{8452CC4D-F316-4E93-A420-7399D55EDE55}.Release|Any CPU.Build.0 = Release|Any CPU
		{8452CC4D-F316-4E93-A420-7399D55EDE55}.Release|x64.ActiveCfg = Release|Any CPU
		{8452CC4D-F316-4E93-A420-7399D55EDE55}.Release|x64.Build.0 = Release|Any CPU
		{8452CC4D-F316-4E93-A420-7399D55EDE55}.Release|x86.ActiveCfg = Release|Any CPU
		{8452CC4D-F316-4E93-A420-7399D55EDE55}.Release|x86.Build.0 = Release|Any CPU
		{64571758-4CE1-4978-9153-F4A4F2B9FD9A}.Debug|Any CPU.ActiveCfg = Debug|Any CPU
		{64571758-4CE1-4978-9153-F4A4F2B9FD9A}.Debug|Any CPU.Build.0 = Debug|Any CPU
		{64571758-4CE1-4978-9153-F4A4F2B9FD9A}.Debug|x64.ActiveCfg = Debug|Any CPU
		{64571758-4CE1-4978-9153-F4A4F2B9FD9A}.Debug|x64.Build.0 = Debug|Any CPU
		{64571758-4CE1-4978-9153-F4A4F2B9FD9A}.Debug|x86.ActiveCfg = Debug|Any CPU
		{64571758-4CE1-4978-9153-F4A4F2B9FD9A}.Debug|x86.Build.0 = Debug|Any CPU
		{64571758-4CE1-4978-9153-F4A4F2B9FD9A}.Release|Any CPU.ActiveCfg = Release|Any CPU
		{64571758-4CE1-4978-9153-F4A4F2B9FD9A}.Release|Any CPU.Build.0 = Release|Any CPU
		{64571758-4CE1-4978-9153-F4A4F2B9FD9A}.Release|x64.ActiveCfg = Release|Any CPU
		{64571758-4CE1-4978-9153-F4A4F2B9FD9A}.Release|x64.Build.0 = Release|Any CPU
		{64571758-4CE1-4978-9153-F4A4F2B9FD9A}.Release|x86.ActiveCfg = Release|Any CPU
		{64571758-4CE1-4978-9153-F4A4F2B9FD9A}.Release|x86.Build.0 = Release|Any CPU
		{7B3F739D-95B9-4BD2-BB4B-5C86A8CE2B81}.Debug|Any CPU.ActiveCfg = Debug|Any CPU
		{7B3F739D-95B9-4BD2-BB4B-5C86A8CE2B81}.Debug|Any CPU.Build.0 = Debug|Any CPU
		{7B3F739D-95B9-4BD2-BB4B-5C86A8CE2B81}.Debug|x64.ActiveCfg = Debug|Any CPU
		{7B3F739D-95B9-4BD2-BB4B-5C86A8CE2B81}.Debug|x64.Build.0 = Debug|Any CPU
		{7B3F739D-95B9-4BD2-BB4B-5C86A8CE2B81}.Debug|x86.ActiveCfg = Debug|Any CPU
		{7B3F739D-95B9-4BD2-BB4B-5C86A8CE2B81}.Debug|x86.Build.0 = Debug|Any CPU
		{7B3F739D-95B9-4BD2-BB4B-5C86A8CE2B81}.Release|Any CPU.ActiveCfg = Release|Any CPU
		{7B3F739D-95B9-4BD2-BB4B-5C86A8CE2B81}.Release|Any CPU.Build.0 = Release|Any CPU
		{7B3F739D-95B9-4BD2-BB4B-5C86A8CE2B81}.Release|x64.ActiveCfg = Release|Any CPU
		{7B3F739D-95B9-4BD2-BB4B-5C86A8CE2B81}.Release|x64.Build.0 = Release|Any CPU
		{7B3F739D-95B9-4BD2-BB4B-5C86A8CE2B81}.Release|x86.ActiveCfg = Release|Any CPU
		{7B3F739D-95B9-4BD2-BB4B-5C86A8CE2B81}.Release|x86.Build.0 = Release|Any CPU
		{29037C18-9E6C-40B9-BFE9-A2FDC3C83CC0}.Debug|Any CPU.ActiveCfg = Debug|Any CPU
		{29037C18-9E6C-40B9-BFE9-A2FDC3C83CC0}.Debug|Any CPU.Build.0 = Debug|Any CPU
		{29037C18-9E6C-40B9-BFE9-A2FDC3C83CC0}.Debug|x64.ActiveCfg = Debug|Any CPU
		{29037C18-9E6C-40B9-BFE9-A2FDC3C83CC0}.Debug|x64.Build.0 = Debug|Any CPU
		{29037C18-9E6C-40B9-BFE9-A2FDC3C83CC0}.Debug|x86.ActiveCfg = Debug|Any CPU
		{29037C18-9E6C-40B9-BFE9-A2FDC3C83CC0}.Debug|x86.Build.0 = Debug|Any CPU
		{29037C18-9E6C-40B9-BFE9-A2FDC3C83CC0}.Release|Any CPU.ActiveCfg = Release|Any CPU
		{29037C18-9E6C-40B9-BFE9-A2FDC3C83CC0}.Release|Any CPU.Build.0 = Release|Any CPU
		{29037C18-9E6C-40B9-BFE9-A2FDC3C83CC0}.Release|x64.ActiveCfg = Release|Any CPU
		{29037C18-9E6C-40B9-BFE9-A2FDC3C83CC0}.Release|x64.Build.0 = Release|Any CPU
		{29037C18-9E6C-40B9-BFE9-A2FDC3C83CC0}.Release|x86.ActiveCfg = Release|Any CPU
		{29037C18-9E6C-40B9-BFE9-A2FDC3C83CC0}.Release|x86.Build.0 = Release|Any CPU
		{E66A3545-D20B-44F2-9E9D-029FE84965FD}.Debug|Any CPU.ActiveCfg = Debug|Any CPU
		{E66A3545-D20B-44F2-9E9D-029FE84965FD}.Debug|Any CPU.Build.0 = Debug|Any CPU
		{E66A3545-D20B-44F2-9E9D-029FE84965FD}.Debug|x64.ActiveCfg = Debug|Any CPU
		{E66A3545-D20B-44F2-9E9D-029FE84965FD}.Debug|x64.Build.0 = Debug|Any CPU
		{E66A3545-D20B-44F2-9E9D-029FE84965FD}.Debug|x86.ActiveCfg = Debug|Any CPU
		{E66A3545-D20B-44F2-9E9D-029FE84965FD}.Debug|x86.Build.0 = Debug|Any CPU
		{E66A3545-D20B-44F2-9E9D-029FE84965FD}.Release|Any CPU.ActiveCfg = Release|Any CPU
		{E66A3545-D20B-44F2-9E9D-029FE84965FD}.Release|Any CPU.Build.0 = Release|Any CPU
		{E66A3545-D20B-44F2-9E9D-029FE84965FD}.Release|x64.ActiveCfg = Release|Any CPU
		{E66A3545-D20B-44F2-9E9D-029FE84965FD}.Release|x64.Build.0 = Release|Any CPU
		{E66A3545-D20B-44F2-9E9D-029FE84965FD}.Release|x86.ActiveCfg = Release|Any CPU
		{E66A3545-D20B-44F2-9E9D-029FE84965FD}.Release|x86.Build.0 = Release|Any CPU
		{2F7A091B-0D3B-4022-9130-44E5D359336C}.Debug|Any CPU.ActiveCfg = Debug|Any CPU
		{2F7A091B-0D3B-4022-9130-44E5D359336C}.Debug|Any CPU.Build.0 = Debug|Any CPU
		{2F7A091B-0D3B-4022-9130-44E5D359336C}.Debug|x64.ActiveCfg = Debug|Any CPU
		{2F7A091B-0D3B-4022-9130-44E5D359336C}.Debug|x64.Build.0 = Debug|Any CPU
		{2F7A091B-0D3B-4022-9130-44E5D359336C}.Debug|x86.ActiveCfg = Debug|Any CPU
		{2F7A091B-0D3B-4022-9130-44E5D359336C}.Debug|x86.Build.0 = Debug|Any CPU
		{2F7A091B-0D3B-4022-9130-44E5D359336C}.Release|Any CPU.ActiveCfg = Release|Any CPU
		{2F7A091B-0D3B-4022-9130-44E5D359336C}.Release|Any CPU.Build.0 = Release|Any CPU
		{2F7A091B-0D3B-4022-9130-44E5D359336C}.Release|x64.ActiveCfg = Release|Any CPU
		{2F7A091B-0D3B-4022-9130-44E5D359336C}.Release|x64.Build.0 = Release|Any CPU
		{2F7A091B-0D3B-4022-9130-44E5D359336C}.Release|x86.ActiveCfg = Release|Any CPU
		{2F7A091B-0D3B-4022-9130-44E5D359336C}.Release|x86.Build.0 = Release|Any CPU
		{1514F480-DE99-423F-A6B9-9F1690EE8077}.Debug|Any CPU.ActiveCfg = Debug|Any CPU
		{1514F480-DE99-423F-A6B9-9F1690EE8077}.Debug|Any CPU.Build.0 = Debug|Any CPU
		{1514F480-DE99-423F-A6B9-9F1690EE8077}.Debug|x64.ActiveCfg = Debug|Any CPU
		{1514F480-DE99-423F-A6B9-9F1690EE8077}.Debug|x64.Build.0 = Debug|Any CPU
		{1514F480-DE99-423F-A6B9-9F1690EE8077}.Debug|x86.ActiveCfg = Debug|Any CPU
		{1514F480-DE99-423F-A6B9-9F1690EE8077}.Debug|x86.Build.0 = Debug|Any CPU
		{1514F480-DE99-423F-A6B9-9F1690EE8077}.Release|Any CPU.ActiveCfg = Release|Any CPU
		{1514F480-DE99-423F-A6B9-9F1690EE8077}.Release|Any CPU.Build.0 = Release|Any CPU
		{1514F480-DE99-423F-A6B9-9F1690EE8077}.Release|x64.ActiveCfg = Release|Any CPU
		{1514F480-DE99-423F-A6B9-9F1690EE8077}.Release|x64.Build.0 = Release|Any CPU
		{1514F480-DE99-423F-A6B9-9F1690EE8077}.Release|x86.ActiveCfg = Release|Any CPU
		{1514F480-DE99-423F-A6B9-9F1690EE8077}.Release|x86.Build.0 = Release|Any CPU
		{231B966A-2DC1-4642-A1EF-DE9C8FAFBF25}.Debug|Any CPU.ActiveCfg = Debug|Any CPU
		{231B966A-2DC1-4642-A1EF-DE9C8FAFBF25}.Debug|Any CPU.Build.0 = Debug|Any CPU
		{231B966A-2DC1-4642-A1EF-DE9C8FAFBF25}.Debug|x64.ActiveCfg = Debug|Any CPU
		{231B966A-2DC1-4642-A1EF-DE9C8FAFBF25}.Debug|x64.Build.0 = Debug|Any CPU
		{231B966A-2DC1-4642-A1EF-DE9C8FAFBF25}.Debug|x86.ActiveCfg = Debug|Any CPU
		{231B966A-2DC1-4642-A1EF-DE9C8FAFBF25}.Debug|x86.Build.0 = Debug|Any CPU
		{231B966A-2DC1-4642-A1EF-DE9C8FAFBF25}.Release|Any CPU.ActiveCfg = Release|Any CPU
		{231B966A-2DC1-4642-A1EF-DE9C8FAFBF25}.Release|Any CPU.Build.0 = Release|Any CPU
		{231B966A-2DC1-4642-A1EF-DE9C8FAFBF25}.Release|x64.ActiveCfg = Release|Any CPU
		{231B966A-2DC1-4642-A1EF-DE9C8FAFBF25}.Release|x64.Build.0 = Release|Any CPU
		{231B966A-2DC1-4642-A1EF-DE9C8FAFBF25}.Release|x86.ActiveCfg = Release|Any CPU
		{231B966A-2DC1-4642-A1EF-DE9C8FAFBF25}.Release|x86.Build.0 = Release|Any CPU
		{FC529655-9F8F-42CB-A66E-2B2F4A20B4A4}.Debug|Any CPU.ActiveCfg = Debug|Any CPU
		{FC529655-9F8F-42CB-A66E-2B2F4A20B4A4}.Debug|Any CPU.Build.0 = Debug|Any CPU
		{FC529655-9F8F-42CB-A66E-2B2F4A20B4A4}.Debug|x64.ActiveCfg = Debug|Any CPU
		{FC529655-9F8F-42CB-A66E-2B2F4A20B4A4}.Debug|x64.Build.0 = Debug|Any CPU
		{FC529655-9F8F-42CB-A66E-2B2F4A20B4A4}.Debug|x86.ActiveCfg = Debug|Any CPU
		{FC529655-9F8F-42CB-A66E-2B2F4A20B4A4}.Debug|x86.Build.0 = Debug|Any CPU
		{FC529655-9F8F-42CB-A66E-2B2F4A20B4A4}.Release|Any CPU.ActiveCfg = Release|Any CPU
		{FC529655-9F8F-42CB-A66E-2B2F4A20B4A4}.Release|Any CPU.Build.0 = Release|Any CPU
		{FC529655-9F8F-42CB-A66E-2B2F4A20B4A4}.Release|x64.ActiveCfg = Release|Any CPU
		{FC529655-9F8F-42CB-A66E-2B2F4A20B4A4}.Release|x64.Build.0 = Release|Any CPU
		{FC529655-9F8F-42CB-A66E-2B2F4A20B4A4}.Release|x86.ActiveCfg = Release|Any CPU
		{FC529655-9F8F-42CB-A66E-2B2F4A20B4A4}.Release|x86.Build.0 = Release|Any CPU
	EndGlobalSection
	GlobalSection(SolutionProperties) = preSolution
		HideSolutionNode = FALSE
	EndGlobalSection
	GlobalSection(NestedProjects) = preSolution
		{17F63751-2F63-4904-943D-9511ECDE29D2} = {827E0CD3-B72D-47B6-A68D-7590B98EB39B}
		{F656EE4E-166D-4421-AEEF-C4CAFA0BA7D0} = {827E0CD3-B72D-47B6-A68D-7590B98EB39B}
		{8452CC4D-F316-4E93-A420-7399D55EDE55} = {827E0CD3-B72D-47B6-A68D-7590B98EB39B}
		{64571758-4CE1-4978-9153-F4A4F2B9FD9A} = {827E0CD3-B72D-47B6-A68D-7590B98EB39B}
		{7B3F739D-95B9-4BD2-BB4B-5C86A8CE2B81} = {827E0CD3-B72D-47B6-A68D-7590B98EB39B}
		{29037C18-9E6C-40B9-BFE9-A2FDC3C83CC0} = {827E0CD3-B72D-47B6-A68D-7590B98EB39B}
		{E66A3545-D20B-44F2-9E9D-029FE84965FD} = {827E0CD3-B72D-47B6-A68D-7590B98EB39B}
		{2F7A091B-0D3B-4022-9130-44E5D359336C} = {827E0CD3-B72D-47B6-A68D-7590B98EB39B}
		{1514F480-DE99-423F-A6B9-9F1690EE8077} = {827E0CD3-B72D-47B6-A68D-7590B98EB39B}
		{231B966A-2DC1-4642-A1EF-DE9C8FAFBF25} = {827E0CD3-B72D-47B6-A68D-7590B98EB39B}
		{FC529655-9F8F-42CB-A66E-2B2F4A20B4A4} = {827E0CD3-B72D-47B6-A68D-7590B98EB39B}
	EndGlobalSection
EndGlobal
